
Microsoft Visual Studio Solution File, Format Version 12.00
# Visual Studio Version 17
VisualStudioVersion = 17.0.31903.59
MinimumVisualStudioVersion = 10.0.40219.1
Project("{9A19103F-16F7-4668-BE54-9A1E7A4F7556}") = "XoomCore.Application", "XoomCore.Application\XoomCore.Application.csproj", "{DF70A4AF-5E63-46E6-87F4-BAE029E1692E}"
EndProject
Project("{9A19103F-16F7-4668-BE54-9A1E7A4F7556}") = "XoomCore.Infrastructure", "XoomCore.Infrastructure\XoomCore.Infrastructure.csproj", "{91E9092D-6F3D-45C9-ABF0-B7FFD04839CD}"
EndProject
Project("{9A19103F-16F7-4668-BE54-9A1E7A4F7556}") = "XoomCore.WebAPI", "XoomCore.WebAPI\XoomCore.WebAPI.csproj", "{7746D22F-E63F-493B-8024-A2E6705E5322}"
EndProject
Project("{9A19103F-16F7-4668-BE54-9A1E7A4F7556}") = "XoomCore.Domain", "XoomCore.Domain\XoomCore.Domain.csproj", "{0B201573-E0E2-45DA-A400-7340D3CAA0BA}"
EndProject
Project("{FAE04EC0-301F-11D3-BF4B-00C04F79EFBC}") = "XoomCore.Persistence", "XoomCore.Persistence\XoomCore.Persistence.csproj", "{59810327-002B-4E29-94C8-302D49C593F4}"
EndProject
Global
	GlobalSection(SolutionConfigurationPlatforms) = preSolution
		Debug|Any CPU = Debug|Any CPU
		Release|Any CPU = Release|Any CPU
	EndGlobalSection
	GlobalSection(ProjectConfigurationPlatforms) = postSolution
		{DF70A4AF-5E63-46E6-87F4-BAE029E1692E}.Debug|Any CPU.ActiveCfg = Debug|Any CPU
		{DF70A4AF-5E63-46E6-87F4-BAE029E1692E}.Debug|Any CPU.Build.0 = Debug|Any CPU
		{DF70A4AF-5E63-46E6-87F4-BAE029E1692E}.Release|Any CPU.ActiveCfg = Release|Any CPU
		{DF70A4AF-5E63-46E6-87F4-BAE029E1692E}.Release|Any CPU.Build.0 = Release|Any CPU
		{91E9092D-6F3D-45C9-ABF0-B7FFD04839CD}.Debug|Any CPU.ActiveCfg = Debug|Any CPU
		{91E9092D-6F3D-45C9-ABF0-B7FFD04839CD}.Debug|Any CPU.Build.0 = Debug|Any CPU
		{91E9092D-6F3D-45C9-ABF0-B7FFD04839CD}.Release|Any CPU.ActiveCfg = Release|Any CPU
		{91E9092D-6F3D-45C9-ABF0-B7FFD04839CD}.Release|Any CPU.Build.0 = Release|Any CPU
		{7746D22F-E63F-493B-8024-A2E6705E5322}.Debug|Any CPU.ActiveCfg = Debug|Any CPU
		{7746D22F-E63F-493B-8024-A2E6705E5322}.Debug|Any CPU.Build.0 = Debug|Any CPU
		{7746D22F-E63F-493B-8024-A2E6705E5322}.Release|Any CPU.ActiveCfg = Release|Any CPU
		{7746D22F-E63F-493B-8024-A2E6705E5322}.Release|Any CPU.Build.0 = Release|Any CPU
		{0B201573-E0E2-45DA-A400-7340D3CAA0BA}.Debug|Any CPU.ActiveCfg = Debug|Any CPU
		{0B201573-E0E2-45DA-A400-7340D3CAA0BA}.Debug|Any CPU.Build.0 = Debug|Any CPU
		{0B201573-E0E2-45DA-A400-7340D3CAA0BA}.Release|Any CPU.ActiveCfg = Release|Any CPU
		{0B201573-E0E2-45DA-A400-7340D3CAA0BA}.Release|Any CPU.Build.0 = Release|Any CPU
		{59810327-002B-4E29-94C8-302D49C593F4}.Debug|Any CPU.ActiveCfg = Debug|Any CPU
		{59810327-002B-4E29-94C8-302D49C593F4}.Debug|Any CPU.Build.0 = Debug|Any CPU
		{59810327-002B-4E29-94C8-302D49C593F4}.Release|Any CPU.ActiveCfg = Release|Any CPU
		{59810327-002B-4E29-94C8-302D49C593F4}.Release|Any CPU.Build.0 = Release|Any CPU
	EndGlobalSection
	GlobalSection(SolutionProperties) = preSolution
		HideSolutionNode = FALSE
	EndGlobalSection
	GlobalSection(ExtensibilityGlobals) = postSolution
		SolutionGuid = {7A2DDA14-0D37-4383-8D95-6ED60D52A069}
	EndGlobalSection
EndGlobal
